
Microsoft Visual Studio Solution File, Format Version 12.00
# Visual Studio Version 17
VisualStudioVersion = 17.5.33627.172
MinimumVisualStudioVersion = 10.0.40219.1
Project("{FAE04EC0-301F-11D3-BF4B-00C04F79EFBC}") = "WindowsMiniMediaPlayer", "WindowsMiniMediaPlayer\WindowsMiniMediaPlayer.csproj", "{F1623439-DA76-412A-9B8F-D4B2DC1790B5}"
EndProject
Global
	GlobalSection(SolutionConfigurationPlatforms) = preSolution
		Debug|Any CPU = Debug|Any CPU
		Release|Any CPU = Release|Any CPU
	EndGlobalSection
	GlobalSection(ProjectConfigurationPlatforms) = postSolution
		{F1623439-DA76-412A-9B8F-D4B2DC1790B5}.Debug|Any CPU.ActiveCfg = Debug|Any CPU
		{F1623439-DA76-412A-9B8F-D4B2DC1790B5}.Debug|Any CPU.Build.0 = Debug|Any CPU
		{F1623439-DA76-412A-9B8F-D4B2DC1790B5}.Release|Any CPU.ActiveCfg = Release|Any CPU
		{F1623439-DA76-412A-9B8F-D4B2DC1790B5}.Release|Any CPU.Build.0 = Release|Any CPU
	EndGlobalSection
	GlobalSection(SolutionProperties) = preSolution
		HideSolutionNode = FALSE
	EndGlobalSection
	GlobalSection(ExtensibilityGlobals) = postSolution
		SolutionGuid = {85FABA76-9EB4-43EF-AA25-8BE7FC7C20C2}
	EndGlobalSection
EndGlobal
